
Microsoft Visual Studio Solution File, Format Version 12.00
# Visual Studio Version 16
VisualStudioVersion = 16.0.30907.101
MinimumVisualStudioVersion = 10.0.40219.1
Project("{FAE04EC0-301F-11D3-BF4B-00C04F79EFBC}") = "MatchingGame-03PRd4310Styopkin", "MatchingGame-03PRd4310Styopkin.csproj", "{D67CC72E-1AAF-463E-8C83-80A3CC4A04FD}"
EndProject
Global
	GlobalSection(SolutionConfigurationPlatforms) = preSolution
		Debug|Any CPU = Debug|Any CPU
		Release|Any CPU = Release|Any CPU
	EndGlobalSection
	GlobalSection(ProjectConfigurationPlatforms) = postSolution
		{D67CC72E-1AAF-463E-8C83-80A3CC4A04FD}.Debug|Any CPU.ActiveCfg = Debug|Any CPU
		{D67CC72E-1AAF-463E-8C83-80A3CC4A04FD}.Debug|Any CPU.Build.0 = Debug|Any CPU
		{D67CC72E-1AAF-463E-8C83-80A3CC4A04FD}.Release|Any CPU.ActiveCfg = Release|Any CPU
		{D67CC72E-1AAF-463E-8C83-80A3CC4A04FD}.Release|Any CPU.Build.0 = Release|Any CPU
	EndGlobalSection
	GlobalSection(SolutionProperties) = preSolution
		HideSolutionNode = FALSE
	EndGlobalSection
	GlobalSection(ExtensibilityGlobals) = postSolution
		SolutionGuid = {022EBCD3-CC15-4647-ADAE-6F38CB3B05FE}
	EndGlobalSection
EndGlobal
